Microsoft Visual Studio Solution File, Format Version 12.00
# Visual Studio 2012
Project("{FAE04EC0-301F-11D3-BF4B-00C04F79EFBC}") = "spreadmorphism", "spreadmorphism.csproj", "{C8316F92-4EAA-49C9-9179-236F1A525BEE}"
EndProject
Global
	GlobalSection(SolutionConfigurationPlatforms) = preSolution
	Debug|Any CPU = Debug|Any CPU
	ExportDebug|Any CPU = ExportDebug|Any CPU
	ExportRelease|Any CPU = ExportRelease|Any CPU
	EndGlobalSection
	GlobalSection(ProjectConfigurationPlatforms) = postSolution
		{C8316F92-4EAA-49C9-9179-236F1A525BEE}.Debug|Any CPU.ActiveCfg = Debug|Any CPU
		{C8316F92-4EAA-49C9-9179-236F1A525BEE}.Debug|Any CPU.Build.0 = Debug|Any CPU
		{C8316F92-4EAA-49C9-9179-236F1A525BEE}.ExportDebug|Any CPU.ActiveCfg = ExportDebug|Any CPU
		{C8316F92-4EAA-49C9-9179-236F1A525BEE}.ExportDebug|Any CPU.Build.0 = ExportDebug|Any CPU
		{C8316F92-4EAA-49C9-9179-236F1A525BEE}.ExportRelease|Any CPU.ActiveCfg = ExportRelease|Any CPU
		{C8316F92-4EAA-49C9-9179-236F1A525BEE}.ExportRelease|Any CPU.Build.0 = ExportRelease|Any CPU
	EndGlobalSection
EndGlobal
